
Microsoft Visual Studio Solution File, Format Version 12.00
# Visual Studio Version 17
VisualStudioVersion = 17.14.36221.1 d17.14
MinimumVisualStudioVersion = 10.0.40219.1
Project("{FAE04EC0-301F-11D3-BF4B-00C04F79EFBC}") = "desktop_programing", "desktop_programing.csproj", "{5E3A8B8C-BB79-4765-843F-820EF43589C5}"
EndProject
Global
	GlobalSection(SolutionConfigurationPlatforms) = preSolution
		Debug|Any CPU = Debug|Any CPU
		Release|Any CPU = Release|Any CPU
	EndGlobalSection
	GlobalSection(ProjectConfigurationPlatforms) = postSolution
		{5E3A8B8C-BB79-4765-843F-820EF43589C5}.Debug|Any CPU.ActiveCfg = Debug|Any CPU
		{5E3A8B8C-BB79-4765-843F-820EF43589C5}.Debug|Any CPU.Build.0 = Debug|Any CPU
		{5E3A8B8C-BB79-4765-843F-820EF43589C5}.Release|Any CPU.ActiveCfg = Release|Any CPU
		{5E3A8B8C-BB79-4765-843F-820EF43589C5}.Release|Any CPU.Build.0 = Release|Any CPU
	EndGlobalSection
	GlobalSection(SolutionProperties) = preSolution
		HideSolutionNode = FALSE
	EndGlobalSection
	GlobalSection(ExtensibilityGlobals) = postSolution
		SolutionGuid = {4AF8A2A8-7F82-4E6B-B280-D265784DF39A}
	EndGlobalSection
EndGlobal
